<?xml version="1.0" encoding="utf-8"?>
<Project ToolsVersion="4.0" xmlns="http://schemas.microsoft.com/developer/msbuild/2003">
  <ItemGroup>
    <Filter Include="Source Files">
      <UniqueIdentifier>{4FC737F1-C7A5-4376-A066-2A32D752A2FF}</UniqueIdentifier>
      <Extensions>cpp;c;cc;cxx;c++;cppm;ixx;def;odl;idl;hpj;bat;asm;asmx</Extensions>
    </Filter>
    <Filter Include="Header Files">
      <UniqueIdentifier>{93995380-89BD-4b04-88EB-625FBE52EBFB}</UniqueIdentifier>
      <Extensions>h;hh;hpp;hxx;h++;hm;inl;inc;ipp;xsd</Extensions>
    </Filter>
    <Filter Include="Resource Files">
      <UniqueIdentifier>{67DA6AB6-F800-4c08-8B7A-83BB121AAD01}</UniqueIdentifier>
      <Extensions>rc;ico;cur;bmp;dlg;rc2;rct;bin;rgs;gif;jpg;jpeg;jpe;resx;tiff;tif;png;wav;mfcribbon-ms</Extensions>
    </Filter>
    <Filter Include="Source Files\hamburger-engine">
      <UniqueIdentifier>{40e14db3-c466-4a37-b3d7-d8a16112f683}</UniqueIdentifier>
    </Filter>
    <Filter Include="Source Files\moon4k">
      <UniqueIdentifier>{c310dd95-6890-448b-a587-32de45292813}</UniqueIdentifier>
    </Filter>
    <Filter Include="Source Files\moon4k\substates">
      <UniqueIdentifier>{b338477e-a73b-40c3-b92a-5057faacf573}</UniqueIdentifier>
    </Filter>
    <Filter Include="Source Files\moon4k\states">
      <UniqueIdentifier>{542972d0-b12c-4727-b99f-973bb096e3b1}</UniqueIdentifier>
    </Filter>
    <Filter Include="Source Files\moon4k\game">
      <UniqueIdentifier>{ca4eb8be-3bde-4072-b1f7-bacd0b171418}</UniqueIdentifier>
    </Filter>
    <Filter Include="Source Files\moon4k\ui">
      <UniqueIdentifier>{b5cb5d9e-0aee-4477-8bfe-d6d5dd37dca2}</UniqueIdentifier>
    </Filter>
    <Filter Include="Source Files\sdl2.vis">
      <UniqueIdentifier>{0c2a676e-66df-454b-aac7-1d998d4bfe31}</UniqueIdentifier>
    </Filter>
    <Filter Include="Source Files\miniz">
      <UniqueIdentifier>{097ae6aa-c6ea-4662-a291-45601bd9ab6f}</UniqueIdentifier>
    </Filter>
  </ItemGroup>
  <ItemGroup>
    <ClCompile Include="..\..\src\main.cpp">
      <Filter>Source Files</Filter>
    </ClCompile>
    <ClCompile Include="..\..\src\stb_image_impl.cpp">
      <Filter>Source Files</Filter>
    </ClCompile>
    <ClCompile Include="..\..\src\engine\utils\Discord.cpp">
      <Filter>Source Files\hamburger-engine</Filter>
    </ClCompile>
    <ClCompile Include="..\..\src\engine\utils\Log.cpp">
      <Filter>Source Files\hamburger-engine</Filter>
    </ClCompile>
    <ClCompile Include="..\..\src\engine\utils\Paths.cpp">
      <Filter>Source Files\hamburger-engine</Filter>
    </ClCompile>
    <ClCompile Include="..\..\src\engine\input\Input.cpp">
      <Filter>Source Files\hamburger-engine</Filter>
    </ClCompile>
    <ClCompile Include="..\..\src\engine\graphics\AnimatedSprite.cpp">
      <Filter>Source Files\hamburger-engine</Filter>
    </ClCompile>
    <ClCompile Include="..\..\src\engine\graphics\Button.cpp">
      <Filter>Source Files\hamburger-engine</Filter>
    </ClCompile>
    <ClCompile Include="..\..\src\engine\graphics\Camera.cpp">
      <Filter>Source Files\hamburger-engine</Filter>
    </ClCompile>
    <ClCompile Include="..\..\src\engine\graphics\Sprite.cpp">
      <Filter>Source Files\hamburger-engine</Filter>
    </ClCompile>
    <ClCompile Include="..\..\src\engine\graphics\Text.cpp">
      <Filter>Source Files\hamburger-engine</Filter>
    </ClCompile>
    <ClCompile Include="..\..\src\engine\graphics\VideoPlayer.cpp">
      <Filter>Source Files\hamburger-engine</Filter>
    </ClCompile>
    <ClCompile Include="..\..\src\engine\debug\DebugUI.cpp">
      <Filter>Source Files\hamburger-engine</Filter>
    </ClCompile>
    <ClCompile Include="..\..\src\engine\core\Engine.cpp">
      <Filter>Source Files\hamburger-engine</Filter>
    </ClCompile>
    <ClCompile Include="..\..\src\engine\core\SDLManager.cpp">
      <Filter>Source Files\hamburger-engine</Filter>
    </ClCompile>
    <ClCompile Include="..\..\src\engine\core\State.cpp">
      <Filter>Source Files\hamburger-engine</Filter>
    </ClCompile>
    <ClCompile Include="..\..\src\engine\audio\Sound.cpp">
      <Filter>Source Files\hamburger-engine</Filter>
    </ClCompile>
    <ClCompile Include="..\..\src\engine\audio\SoundManager.cpp">
      <Filter>Source Files\hamburger-engine</Filter>
    </ClCompile>
    <ClCompile Include="..\..\src\moon4k\SwagState.cpp">
      <Filter>Source Files\moon4k</Filter>
    </ClCompile>
    <ClCompile Include="..\..\src\moon4k\substates\PauseSubState.cpp">
      <Filter>Source Files\moon4k\substates</Filter>
    </ClCompile>
    <ClCompile Include="..\..\src\moon4k\states\PlayState.cpp">
      <Filter>Source Files\moon4k\states</Filter>
    </ClCompile>
    <ClCompile Include="..\..\src\moon4k\game\Conductor.cpp">
      <Filter>Source Files\moon4k\game</Filter>
    </ClCompile>
    <ClCompile Include="..\..\src\moon4k\game\GameConfig.cpp">
      <Filter>Source Files\moon4k\game</Filter>
    </ClCompile>
    <ClCompile Include="..\..\src\moon4k\game\Note.cpp">
      <Filter>Source Files\moon4k\game</Filter>
    </ClCompile>
    <ClCompile Include="..\..\src\moon4k\game\Section.cpp">
      <Filter>Source Files\moon4k\game</Filter>
    </ClCompile>
    <ClCompile Include="..\..\src\moon4k\game\Song.cpp">
      <Filter>Source Files\moon4k\game</Filter>
    </ClCompile>
    <ClCompile Include="..\..\src\moon4k\ui\StrumNote.cpp">
      <Filter>Source Files\moon4k\ui</Filter>
    </ClCompile>
    <ClCompile Include="..\..\src\moon4k\states\SplashState.cpp">
      <Filter>Source Files\moon4k\states</Filter>
    </ClCompile>
    <ClCompile Include="..\..\src\moon4k\states\TitleState.cpp">
      <Filter>Source Files\moon4k\states</Filter>
    </ClCompile>
    <ClCompile Include="..\..\src\moon4k\states\FreeplayStateLegacy.cpp">
      <Filter>Source Files\moon4k\states</Filter>
    </ClCompile>
    <ClCompile Include="..\..\src\moon4k\states\MainMenuState.cpp">
      <Filter>Source Files\moon4k\states</Filter>
    </ClCompile>
    <ClCompile Include="..\..\src\moon4k\states\FreeplayState.cpp">
      <Filter>Source Files\moon4k\states</Filter>
    </ClCompile>
    <ClCompile Include="..\..\external\sdl2.vis\embedded_visualizer.cpp">
      <Filter>Source Files\sdl2.vis</Filter>
    </ClCompile>
    <ClCompile Include="..\..\external\miniz\miniz.c">
      <Filter>Source Files\miniz</Filter>
    </ClCompile>
  </ItemGroup>
  <ItemGroup>
    <ClInclude Include="resource.h">
      <Filter>Header Files</Filter>
    </ClInclude>
  </ItemGroup>
  <ItemGroup>
    <ResourceCompile Include="Moon4K.rc">
      <Filter>Resource Files</Filter>
    </ResourceCompile>
  </ItemGroup>
  <ItemGroup>
    <Image Include="..\..\moon4kIcon.ico">
      <Filter>Resource Files</Filter>
    </Image>
  </ItemGroup>
</Project>